{
  "name": "utils",
  "version": "1.0.0",
  "lockfileVersion": 3,
  "requires": true,
  "packages": {
    "": {
      "name": "utils",
      "version": "1.0.0",
      "license": "ISC",
      "dependencies": {
        "multiple_language_github": "^1.0.1"
      }
    },
    "node_modules/iso-639-1": {
      "version": "2.1.15",
      "resolved": "https://registry.npmjs.org/iso-639-1/-/iso-639-1-2.1.15.tgz",
      "integrity": "sha512-7c7mBznZu2ktfvyT582E2msM+Udc1EjOyhVRE/0ZsjD9LBtWSm23h3PtiRh2a35XoUsTQQjJXaJzuLjXsOdFDg==",
      "engines": {
        "node": ">=6.0"
      }
    },
    "node_modules/multiple_language_github": {
      "version": "1.0.1",
      "resolved": "https://registry.npmjs.org/multiple_language_github/-/multiple_language_github-1.0.1.tgz",
      "integrity": "sha512-h7mLPGwbVA0YSXn3onjsS+Q+TbsFeZYNxZCiBM6W020hzoweBreHiwIGGy1CL/R7DOrgNsvK896kBqElr/QRpQ==",
      "dependencies": {
        "iso-639-1": "^2.1.15"
      }
    }
  }
}
